
Microsoft Visual Studio Solution File, Format Version 12.00
# Visual Studio 14
VisualStudioVersion = 14.0.25123.0
MinimumVisualStudioVersion = 10.0.40219.1
Project("{2150E333-8FDC-42A3-9474-1A3956D46DE8}") = "ReosXamarinFormsApp", "ReosXamarinFormsApp", "{75147A91-2F6E-43B9-AF83-AD2C9EA795FB}"
EndProject
Project("{FAE04EC0-301F-11D3-BF4B-00C04F79EFBC}") = "Reos.XForms.App.Droid", "Reos.XForms.App\Reos.XForms.App.Droid\Reos.XForms.App.Droid.csproj", "{AE38DA56-FD80-47BA-A49A-3FC9ED053BAA}"
EndProject
Project("{FAE04EC0-301F-11D3-BF4B-00C04F79EFBC}") = "Reos.XForms.App.iOS", "Reos.XForms.App\Reos.XForms.App.iOS\Reos.XForms.App.iOS.csproj", "{C011E8B2-C846-4CF5-95BE-5A7EFF58B8C6}"
EndProject
Project("{FAE04EC0-301F-11D3-BF4B-00C04F79EFBC}") = "Reos.XForms.App.WinPhone", "Reos.XForms.App\Reos.XForms.App.WinPhone\Reos.XForms.App.WinPhone.csproj", "{2334EA2D-BCD8-49CB-97A8-9511931DF16F}"
EndProject
Project("{FAE04EC0-301F-11D3-BF4B-00C04F79EFBC}") = "Reos.XForms.App.UWP", "Reos.XForms.App\Reos.XForms.App.UWP\Reos.XForms.App.UWP.csproj", "{0E9B4B82-4D29-499D-8B9D-B7FA3D1DDFC8}"
EndProject
Project("{FAE04EC0-301F-11D3-BF4B-00C04F79EFBC}") = "Reos.XForms.App.Windows", "Reos.XForms.App\Reos.XForms.App.Windows\Reos.XForms.App.Windows.csproj", "{1CC389C9-D98A-42E8-A1E3-785DF5764217}"
EndProject
Project("{FAE04EC0-301F-11D3-BF4B-00C04F79EFBC}") = "Reos.XForms.App", "Reos.XForms.App\Reos.XForms.App\Reos.XForms.App.csproj", "{2832F3F5-842A-4F01-9253-F5D224A56531}"
EndProject
Project("{2150E333-8FDC-42A3-9474-1A3956D46DE8}") = "Library", "Library", "{1D38705A-2FAD-4A3F-98B1-2A464695F70C}"
EndProject
Project("{2150E333-8FDC-42A3-9474-1A3956D46DE8}") = "ReosNativeApp", "ReosNativeApp", "{69E91280-C034-42FE-9C0D-A554A9281323}"
EndProject
Project("{FAE04EC0-301F-11D3-BF4B-00C04F79EFBC}") = "Reos.Native.App.iOS", "Reos.Native.App.iOS\Reos.Native.App.iOS.csproj", "{32E7ECE7-E681-446E-92E3-D595E709A427}"
EndProject
Project("{FAE04EC0-301F-11D3-BF4B-00C04F79EFBC}") = "Reos.Native.App.Android", "Reos.Native.App.Android\Reos.Native.App.Android.csproj", "{278068E0-BB17-4C84-A35E-FAF1E647B1B0}"
EndProject
Project("{FAE04EC0-301F-11D3-BF4B-00C04F79EFBC}") = "Reos.App.Model", "Reos.App.Model\Reos.App.Model.csproj", "{F496DF6C-0388-4093-9251-A6C8FA5EA023}"
EndProject
Global
	GlobalSection(SolutionConfigurationPlatforms) = preSolution
		Ad-Hoc|Any CPU = Ad-Hoc|Any CPU
		Ad-Hoc|ARM = Ad-Hoc|ARM
		Ad-Hoc|iPhone = Ad-Hoc|iPhone
		Ad-Hoc|iPhoneSimulator = Ad-Hoc|iPhoneSimulator
		Ad-Hoc|x64 = Ad-Hoc|x64
		Ad-Hoc|x86 = Ad-Hoc|x86
		AppStore|Any CPU = AppStore|Any CPU
		AppStore|ARM = AppStore|ARM
		AppStore|iPhone = AppStore|iPhone
		AppStore|iPhoneSimulator = AppStore|iPhoneSimulator
		AppStore|x64 = AppStore|x64
		AppStore|x86 = AppStore|x86
		Debug|Any CPU = Debug|Any CPU
		Debug|ARM = Debug|ARM
		Debug|iPhone = Debug|iPhone
		Debug|iPhoneSimulator = Debug|iPhoneSimulator
		Debug|x64 = Debug|x64
		Debug|x86 = Debug|x86
		Release|Any CPU = Release|Any CPU
		Release|ARM = Release|ARM
		Release|iPhone = Release|iPhone
		Release|iPhoneSimulator = Release|iPhoneSimulator
		Release|x64 = Release|x64
		Release|x86 = Release|x86
	EndGlobalSection
	GlobalSection(ProjectConfigurationPlatforms) = postSolution
		{AE38DA56-FD80-47BA-A49A-3FC9ED053BAA}.Ad-Hoc|Any CPU.ActiveCfg = Release|Any CPU
		{AE38DA56-FD80-47BA-A49A-3FC9ED053BAA}.Ad-Hoc|Any CPU.Build.0 = Release|Any CPU
		{AE38DA56-FD80-47BA-A49A-3FC9ED053BAA}.Ad-Hoc|Any CPU.Deploy.0 = Release|Any CPU
		{AE38DA56-FD80-47BA-A49A-3FC9ED053BAA}.Ad-Hoc|ARM.ActiveCfg = Release|Any CPU
		{AE38DA56-FD80-47BA-A49A-3FC9ED053BAA}.Ad-Hoc|ARM.Build.0 = Release|Any CPU
		{AE38DA56-FD80-47BA-A49A-3FC9ED053BAA}.Ad-Hoc|ARM.Deploy.0 = Release|Any CPU
		{AE38DA56-FD80-47BA-A49A-3FC9ED053BAA}.Ad-Hoc|iPhone.ActiveCfg = Release|Any CPU
		{AE38DA56-FD80-47BA-A49A-3FC9ED053BAA}.Ad-Hoc|iPhone.Build.0 = Release|Any CPU
		{AE38DA56-FD80-47BA-A49A-3FC9ED053BAA}.Ad-Hoc|iPhone.Deploy.0 = Release|Any CPU
		{AE38DA56-FD80-47BA-A49A-3FC9ED053BAA}.Ad-Hoc|iPhoneSimulator.ActiveCfg = Release|Any CPU
		{AE38DA56-FD80-47BA-A49A-3FC9ED053BAA}.Ad-Hoc|iPhoneSimulator.Build.0 = Release|Any CPU
		{AE38DA56-FD80-47BA-A49A-3FC9ED053BAA}.Ad-Hoc|iPhoneSimulator.Deploy.0 = Release|Any CPU
		{AE38DA56-FD80-47BA-A49A-3FC9ED053BAA}.Ad-Hoc|x64.ActiveCfg = Release|Any CPU
		{AE38DA56-FD80-47BA-A49A-3FC9ED053BAA}.Ad-Hoc|x64.Build.0 = Release|Any CPU
		{AE38DA56-FD80-47BA-A49A-3FC9ED053BAA}.Ad-Hoc|x64.Deploy.0 = Release|Any CPU
		{AE38DA56-FD80-47BA-A49A-3FC9ED053BAA}.Ad-Hoc|x86.ActiveCfg = Release|Any CPU
		{AE38DA56-FD80-47BA-A49A-3FC9ED053BAA}.Ad-Hoc|x86.Build.0 = Release|Any CPU
		{AE38DA56-FD80-47BA-A49A-3FC9ED053BAA}.Ad-Hoc|x86.Deploy.0 = Release|Any CPU
		{AE38DA56-FD80-47BA-A49A-3FC9ED053BAA}.AppStore|Any CPU.ActiveCfg = Release|Any CPU
		{AE38DA56-FD80-47BA-A49A-3FC9ED053BAA}.AppStore|Any CPU.Build.0 = Release|Any CPU
		{AE38DA56-FD80-47BA-A49A-3FC9ED053BAA}.AppStore|Any CPU.Deploy.0 = Release|Any CPU
		{AE38DA56-FD80-47BA-A49A-3FC9ED053BAA}.AppStore|ARM.ActiveCfg = Release|Any CPU
		{AE38DA56-FD80-47BA-A49A-3FC9ED053BAA}.AppStore|ARM.Build.0 = Release|Any CPU
		{AE38DA56-FD80-47BA-A49A-3FC9ED053BAA}.AppStore|ARM.Deploy.0 = Release|Any CPU
		{AE38DA56-FD80-47BA-A49A-3FC9ED053BAA}.AppStore|iPhone.ActiveCfg = Release|Any CPU
		{AE38DA56-FD80-47BA-A49A-3FC9ED053BAA}.AppStore|iPhone.Build.0 = Release|Any CPU
		{AE38DA56-FD80-47BA-A49A-3FC9ED053BAA}.AppStore|iPhone.Deploy.0 = Release|Any CPU
		{AE38DA56-FD80-47BA-A49A-3FC9ED053BAA}.AppStore|iPhoneSimulator.ActiveCfg = Release|Any CPU
		{AE38DA56-FD80-47BA-A49A-3FC9ED053BAA}.AppStore|iPhoneSimulator.Build.0 = Release|Any CPU
		{AE38DA56-FD80-47BA-A49A-3FC9ED053BAA}.AppStore|iPhoneSimulator.Deploy.0 = Release|Any CPU
		{AE38DA56-FD80-47BA-A49A-3FC9ED053BAA}.AppStore|x64.ActiveCfg = Release|Any CPU
		{AE38DA56-FD80-47BA-A49A-3FC9ED053BAA}.AppStore|x64.Build.0 = Release|Any CPU
		{AE38DA56-FD80-47BA-A49A-3FC9ED053BAA}.AppStore|x64.Deploy.0 = Release|Any CPU
		{AE38DA56-FD80-47BA-A49A-3FC9ED053BAA}.AppStore|x86.ActiveCfg = Release|Any CPU
		{AE38DA56-FD80-47BA-A49A-3FC9ED053BAA}.AppStore|x86.Build.0 = Release|Any CPU
		{AE38DA56-FD80-47BA-A49A-3FC9ED053BAA}.AppStore|x86.Deploy.0 = Release|Any CPU
		{AE38DA56-FD80-47BA-A49A-3FC9ED053BAA}.Debug|Any CPU.ActiveCfg = Debug|Any CPU
		{AE38DA56-FD80-47BA-A49A-3FC9ED053BAA}.Debug|Any CPU.Build.0 = Debug|Any CPU
		{AE38DA56-FD80-47BA-A49A-3FC9ED053BAA}.Debug|Any CPU.Deploy.0 = Debug|Any CPU
		{AE38DA56-FD80-47BA-A49A-3FC9ED053BAA}.Debug|ARM.ActiveCfg = Debug|Any CPU
		{AE38DA56-FD80-47BA-A49A-3FC9ED053BAA}.Debug|ARM.Build.0 = Debug|Any CPU
		{AE38DA56-FD80-47BA-A49A-3FC9ED053BAA}.Debug|ARM.Deploy.0 = Debug|Any CPU
		{AE38DA56-FD80-47BA-A49A-3FC9ED053BAA}.Debug|iPhone.ActiveCfg = Debug|Any CPU
		{AE38DA56-FD80-47BA-A49A-3FC9ED053BAA}.Debug|iPhone.Build.0 = Debug|Any CPU
		{AE38DA56-FD80-47BA-A49A-3FC9ED053BAA}.Debug|iPhone.Deploy.0 = Debug|Any CPU
		{AE38DA56-FD80-47BA-A49A-3FC9ED053BAA}.Debug|iPhoneSimulator.ActiveCfg = Debug|Any CPU
		{AE38DA56-FD80-47BA-A49A-3FC9ED053BAA}.Debug|iPhoneSimulator.Build.0 = Debug|Any CPU
		{AE38DA56-FD80-47BA-A49A-3FC9ED053BAA}.Debug|iPhoneSimulator.Deploy.0 = Debug|Any CPU
		{AE38DA56-FD80-47BA-A49A-3FC9ED053BAA}.Debug|x64.ActiveCfg = Debug|Any CPU
		{AE38DA56-FD80-47BA-A49A-3FC9ED053BAA}.Debug|x64.Build.0 = Debug|Any CPU
		{AE38DA56-FD80-47BA-A49A-3FC9ED053BAA}.Debug|x64.Deploy.0 = Debug|Any CPU
		{AE38DA56-FD80-47BA-A49A-3FC9ED053BAA}.Debug|x86.ActiveCfg = Debug|Any CPU
		{AE38DA56-FD80-47BA-A49A-3FC9ED053BAA}.Debug|x86.Build.0 = Debug|Any CPU
		{AE38DA56-FD80-47BA-A49A-3FC9ED053BAA}.Debug|x86.Deploy.0 = Debug|Any CPU
		{AE38DA56-FD80-47BA-A49A-3FC9ED053BAA}.Release|Any CPU.ActiveCfg = Release|Any CPU
		{AE38DA56-FD80-47BA-A49A-3FC9ED053BAA}.Release|Any CPU.Build.0 = Release|Any CPU
		{AE38DA56-FD80-47BA-A49A-3FC9ED053BAA}.Release|Any CPU.Deploy.0 = Release|Any CPU
		{AE38DA56-FD80-47BA-A49A-3FC9ED053BAA}.Release|ARM.ActiveCfg = Release|Any CPU
		{AE38DA56-FD80-47BA-A49A-3FC9ED053BAA}.Release|ARM.Build.0 = Release|Any CPU
		{AE38DA56-FD80-47BA-A49A-3FC9ED053BAA}.Release|ARM.Deploy.0 = Release|Any CPU
		{AE38DA56-FD80-47BA-A49A-3FC9ED053BAA}.Release|iPhone.ActiveCfg = Release|Any CPU
		{AE38DA56-FD80-47BA-A49A-3FC9ED053BAA}.Release|iPhone.Build.0 = Release|Any CPU
		{AE38DA56-FD80-47BA-A49A-3FC9ED053BAA}.Release|iPhone.Deploy.0 = Release|Any CPU
		{AE38DA56-FD80-47BA-A49A-3FC9ED053BAA}.Release|iPhoneSimulator.ActiveCfg = Release|Any CPU
		{AE38DA56-FD80-47BA-A49A-3FC9ED053BAA}.Release|iPhoneSimulator.Build.0 = Release|Any CPU
		{AE38DA56-FD80-47BA-A49A-3FC9ED053BAA}.Release|iPhoneSimulator.Deploy.0 = Release|Any CPU
		{AE38DA56-FD80-47BA-A49A-3FC9ED053BAA}.Release|x64.ActiveCfg = Release|Any CPU
		{AE38DA56-FD80-47BA-A49A-3FC9ED053BAA}.Release|x64.Build.0 = Release|Any CPU
		{AE38DA56-FD80-47BA-A49A-3FC9ED053BAA}.Release|x64.Deploy.0 = Release|Any CPU
		{AE38DA56-FD80-47BA-A49A-3FC9ED053BAA}.Release|x86.ActiveCfg = Release|Any CPU
		{AE38DA56-FD80-47BA-A49A-3FC9ED053BAA}.Release|x86.Build.0 = Release|Any CPU
		{AE38DA56-FD80-47BA-A49A-3FC9ED053BAA}.Release|x86.Deploy.0 = Release|Any CPU
		{C011E8B2-C846-4CF5-95BE-5A7EFF58B8C6}.Ad-Hoc|Any CPU.ActiveCfg = Ad-Hoc|iPhone
		{C011E8B2-C846-4CF5-95BE-5A7EFF58B8C6}.Ad-Hoc|ARM.ActiveCfg = Ad-Hoc|iPhone
		{C011E8B2-C846-4CF5-95BE-5A7EFF58B8C6}.Ad-Hoc|iPhone.ActiveCfg = Ad-Hoc|iPhone
		{C011E8B2-C846-4CF5-95BE-5A7EFF58B8C6}.Ad-Hoc|iPhone.Build.0 = Ad-Hoc|iPhone
		{C011E8B2-C846-4CF5-95BE-5A7EFF58B8C6}.Ad-Hoc|iPhoneSimulator.ActiveCfg = Ad-Hoc|iPhoneSimulator
		{C011E8B2-C846-4CF5-95BE-5A7EFF58B8C6}.Ad-Hoc|iPhoneSimulator.Build.0 = Ad-Hoc|iPhoneSimulator
		{C011E8B2-C846-4CF5-95BE-5A7EFF58B8C6}.Ad-Hoc|x64.ActiveCfg = Ad-Hoc|iPhone
		{C011E8B2-C846-4CF5-95BE-5A7EFF58B8C6}.Ad-Hoc|x86.ActiveCfg = Ad-Hoc|iPhone
		{C011E8B2-C846-4CF5-95BE-5A7EFF58B8C6}.AppStore|Any CPU.ActiveCfg = AppStore|iPhone
		{C011E8B2-C846-4CF5-95BE-5A7EFF58B8C6}.AppStore|ARM.ActiveCfg = AppStore|iPhone
		{C011E8B2-C846-4CF5-95BE-5A7EFF58B8C6}.AppStore|iPhone.ActiveCfg = AppStore|iPhone
		{C011E8B2-C846-4CF5-95BE-5A7EFF58B8C6}.AppStore|iPhone.Build.0 = AppStore|iPhone
		{C011E8B2-C846-4CF5-95BE-5A7EFF58B8C6}.AppStore|iPhoneSimulator.ActiveCfg = AppStore|iPhoneSimulator
		{C011E8B2-C846-4CF5-95BE-5A7EFF58B8C6}.AppStore|iPhoneSimulator.Build.0 = AppStore|iPhoneSimulator
		{C011E8B2-C846-4CF5-95BE-5A7EFF58B8C6}.AppStore|x64.ActiveCfg = AppStore|iPhone
		{C011E8B2-C846-4CF5-95BE-5A7EFF58B8C6}.AppStore|x86.ActiveCfg = AppStore|iPhone
		{C011E8B2-C846-4CF5-95BE-5A7EFF58B8C6}.Debug|Any CPU.ActiveCfg = Debug|iPhone
		{C011E8B2-C846-4CF5-95BE-5A7EFF58B8C6}.Debug|ARM.ActiveCfg = Debug|iPhone
		{C011E8B2-C846-4CF5-95BE-5A7EFF58B8C6}.Debug|iPhone.ActiveCfg = Debug|iPhone
		{C011E8B2-C846-4CF5-95BE-5A7EFF58B8C6}.Debug|iPhone.Build.0 = Debug|iPhone
		{C011E8B2-C846-4CF5-95BE-5A7EFF58B8C6}.Debug|iPhoneSimulator.ActiveCfg = Debug|iPhoneSimulator
		{C011E8B2-C846-4CF5-95BE-5A7EFF58B8C6}.Debug|iPhoneSimulator.Build.0 = Debug|iPhoneSimulator
		{C011E8B2-C846-4CF5-95BE-5A7EFF58B8C6}.Debug|x64.ActiveCfg = Debug|iPhone
		{C011E8B2-C846-4CF5-95BE-5A7EFF58B8C6}.Debug|x86.ActiveCfg = Debug|iPhone
		{C011E8B2-C846-4CF5-95BE-5A7EFF58B8C6}.Release|Any CPU.ActiveCfg = Release|iPhone
		{C011E8B2-C846-4CF5-95BE-5A7EFF58B8C6}.Release|ARM.ActiveCfg = Release|iPhone
		{C011E8B2-C846-4CF5-95BE-5A7EFF58B8C6}.Release|iPhone.ActiveCfg = Release|iPhone
		{C011E8B2-C846-4CF5-95BE-5A7EFF58B8C6}.Release|iPhone.Build.0 = Release|iPhone
		{C011E8B2-C846-4CF5-95BE-5A7EFF58B8C6}.Release|iPhoneSimulator.ActiveCfg = Release|iPhoneSimulator
		{C011E8B2-C846-4CF5-95BE-5A7EFF58B8C6}.Release|iPhoneSimulator.Build.0 = Release|iPhoneSimulator
		{C011E8B2-C846-4CF5-95BE-5A7EFF58B8C6}.Release|x64.ActiveCfg = Release|iPhone
		{C011E8B2-C846-4CF5-95BE-5A7EFF58B8C6}.Release|x86.ActiveCfg = Release|iPhone
		{2334EA2D-BCD8-49CB-97A8-9511931DF16F}.Ad-Hoc|Any CPU.ActiveCfg = Release|Any CPU
		{2334EA2D-BCD8-49CB-97A8-9511931DF16F}.Ad-Hoc|Any CPU.Build.0 = Release|Any CPU
		{2334EA2D-BCD8-49CB-97A8-9511931DF16F}.Ad-Hoc|Any CPU.Deploy.0 = Release|Any CPU
		{2334EA2D-BCD8-49CB-97A8-9511931DF16F}.Ad-Hoc|ARM.ActiveCfg = Release|ARM
		{2334EA2D-BCD8-49CB-97A8-9511931DF16F}.Ad-Hoc|ARM.Build.0 = Release|ARM
		{2334EA2D-BCD8-49CB-97A8-9511931DF16F}.Ad-Hoc|ARM.Deploy.0 = Release|ARM
		{2334EA2D-BCD8-49CB-97A8-9511931DF16F}.Ad-Hoc|iPhone.ActiveCfg = Release|Any CPU
		{2334EA2D-BCD8-49CB-97A8-9511931DF16F}.Ad-Hoc|iPhone.Build.0 = Release|Any CPU
		{2334EA2D-BCD8-49CB-97A8-9511931DF16F}.Ad-Hoc|iPhone.Deploy.0 = Release|Any CPU
		{2334EA2D-BCD8-49CB-97A8-9511931DF16F}.Ad-Hoc|iPhoneSimulator.ActiveCfg = Release|Any CPU
		{2334EA2D-BCD8-49CB-97A8-9511931DF16F}.Ad-Hoc|iPhoneSimulator.Build.0 = Release|Any CPU
		{2334EA2D-BCD8-49CB-97A8-9511931DF16F}.Ad-Hoc|iPhoneSimulator.Deploy.0 = Release|Any CPU
		{2334EA2D-BCD8-49CB-97A8-9511931DF16F}.Ad-Hoc|x64.ActiveCfg = Release|Any CPU
		{2334EA2D-BCD8-49CB-97A8-9511931DF16F}.Ad-Hoc|x64.Build.0 = Release|Any CPU
		{2334EA2D-BCD8-49CB-97A8-9511931DF16F}.Ad-Hoc|x64.Deploy.0 = Release|Any CPU
		{2334EA2D-BCD8-49CB-97A8-9511931DF16F}.Ad-Hoc|x86.ActiveCfg = Release|x86
		{2334EA2D-BCD8-49CB-97A8-9511931DF16F}.Ad-Hoc|x86.Build.0 = Release|x86
		{2334EA2D-BCD8-49CB-97A8-9511931DF16F}.Ad-Hoc|x86.Deploy.0 = Release|x86
		{2334EA2D-BCD8-49CB-97A8-9511931DF16F}.AppStore|Any CPU.ActiveCfg = Release|Any CPU
		{2334EA2D-BCD8-49CB-97A8-9511931DF16F}.AppStore|Any CPU.Build.0 = Release|Any CPU
		{2334EA2D-BCD8-49CB-97A8-9511931DF16F}.AppStore|Any CPU.Deploy.0 = Release|Any CPU
		{2334EA2D-BCD8-49CB-97A8-9511931DF16F}.AppStore|ARM.ActiveCfg = Release|ARM
		{2334EA2D-BCD8-49CB-97A8-9511931DF16F}.AppStore|ARM.Build.0 = Release|ARM
		{2334EA2D-BCD8-49CB-97A8-9511931DF16F}.AppStore|ARM.Deploy.0 = Release|ARM
		{2334EA2D-BCD8-49CB-97A8-9511931DF16F}.AppStore|iPhone.ActiveCfg = Release|Any CPU
		{2334EA2D-BCD8-49CB-97A8-9511931DF16F}.AppStore|iPhone.Build.0 = Release|Any CPU
		{2334EA2D-BCD8-49CB-97A8-9511931DF16F}.AppStore|iPhone.Deploy.0 = Release|Any CPU
		{2334EA2D-BCD8-49CB-97A8-9511931DF16F}.AppStore|iPhoneSimulator.ActiveCfg = Release|Any CPU
		{2334EA2D-BCD8-49CB-97A8-9511931DF16F}.AppStore|iPhoneSimulator.Build.0 = Release|Any CPU
		{2334EA2D-BCD8-49CB-97A8-9511931DF16F}.AppStore|iPhoneSimulator.Deploy.0 = Release|Any CPU
		{2334EA2D-BCD8-49CB-97A8-9511931DF16F}.AppStore|x64.ActiveCfg = Release|Any CPU
		{2334EA2D-BCD8-49CB-97A8-9511931DF16F}.AppStore|x64.Build.0 = Release|Any CPU
		{2334EA2D-BCD8-49CB-97A8-9511931DF16F}.AppStore|x64.Deploy.0 = Release|Any CPU
		{2334EA2D-BCD8-49CB-97A8-9511931DF16F}.AppStore|x86.ActiveCfg = Release|x86
		{2334EA2D-BCD8-49CB-97A8-9511931DF16F}.AppStore|x86.Build.0 = Release|x86
		{2334EA2D-BCD8-49CB-97A8-9511931DF16F}.AppStore|x86.Deploy.0 = Release|x86
		{2334EA2D-BCD8-49CB-97A8-9511931DF16F}.Debug|Any CPU.ActiveCfg = Debug|Any CPU
		{2334EA2D-BCD8-49CB-97A8-9511931DF16F}.Debug|Any CPU.Build.0 = Debug|Any CPU
		{2334EA2D-BCD8-49CB-97A8-9511931DF16F}.Debug|Any CPU.Deploy.0 = Debug|Any CPU
		{2334EA2D-BCD8-49CB-97A8-9511931DF16F}.Debug|ARM.ActiveCfg = Debug|ARM
		{2334EA2D-BCD8-49CB-97A8-9511931DF16F}.Debug|ARM.Build.0 = Debug|ARM
		{2334EA2D-BCD8-49CB-97A8-9511931DF16F}.Debug|ARM.Deploy.0 = Debug|ARM
		{2334EA2D-BCD8-49CB-97A8-9511931DF16F}.Debug|iPhone.ActiveCfg = Debug|Any CPU
		{2334EA2D-BCD8-49CB-97A8-9511931DF16F}.Debug|iPhone.Build.0 = Debug|Any CPU
		{2334EA2D-BCD8-49CB-97A8-9511931DF16F}.Debug|iPhone.Deploy.0 = Debug|Any CPU
		{2334EA2D-BCD8-49CB-97A8-9511931DF16F}.Debug|iPhoneSimulator.ActiveCfg = Debug|Any CPU
		{2334EA2D-BCD8-49CB-97A8-9511931DF16F}.Debug|iPhoneSimulator.Build.0 = Debug|Any CPU
		{2334EA2D-BCD8-49CB-97A8-9511931DF16F}.Debug|iPhoneSimulator.Deploy.0 = Debug|Any CPU
		{2334EA2D-BCD8-49CB-97A8-9511931DF16F}.Debug|x64.ActiveCfg = Debug|Any CPU
		{2334EA2D-BCD8-49CB-97A8-9511931DF16F}.Debug|x64.Build.0 = Debug|Any CPU
		{2334EA2D-BCD8-49CB-97A8-9511931DF16F}.Debug|x64.Deploy.0 = Debug|Any CPU
		{2334EA2D-BCD8-49CB-97A8-9511931DF16F}.Debug|x86.ActiveCfg = Debug|x86
		{2334EA2D-BCD8-49CB-97A8-9511931DF16F}.Debug|x86.Build.0 = Debug|x86
		{2334EA2D-BCD8-49CB-97A8-9511931DF16F}.Debug|x86.Deploy.0 = Debug|x86
		{2334EA2D-BCD8-49CB-97A8-9511931DF16F}.Release|Any CPU.ActiveCfg = Release|Any CPU
		{2334EA2D-BCD8-49CB-97A8-9511931DF16F}.Release|Any CPU.Build.0 = Release|Any CPU
		{2334EA2D-BCD8-49CB-97A8-9511931DF16F}.Release|Any CPU.Deploy.0 = Release|Any CPU
		{2334EA2D-BCD8-49CB-97A8-9511931DF16F}.Release|ARM.ActiveCfg = Release|ARM
		{2334EA2D-BCD8-49CB-97A8-9511931DF16F}.Release|ARM.Build.0 = Release|ARM
		{2334EA2D-BCD8-49CB-97A8-9511931DF16F}.Release|ARM.Deploy.0 = Release|ARM
		{2334EA2D-BCD8-49CB-97A8-9511931DF16F}.Release|iPhone.ActiveCfg = Release|Any CPU
		{2334EA2D-BCD8-49CB-97A8-9511931DF16F}.Release|iPhone.Build.0 = Release|Any CPU
		{2334EA2D-BCD8-49CB-97A8-9511931DF16F}.Release|iPhone.Deploy.0 = Release|Any CPU
		{2334EA2D-BCD8-49CB-97A8-9511931DF16F}.Release|iPhoneSimulator.ActiveCfg = Release|Any CPU
		{2334EA2D-BCD8-49CB-97A8-9511931DF16F}.Release|iPhoneSimulator.Build.0 = Release|Any CPU
		{2334EA2D-BCD8-49CB-97A8-9511931DF16F}.Release|iPhoneSimulator.Deploy.0 = Release|Any CPU
		{2334EA2D-BCD8-49CB-97A8-9511931DF16F}.Release|x64.ActiveCfg = Release|Any CPU
		{2334EA2D-BCD8-49CB-97A8-9511931DF16F}.Release|x64.Build.0 = Release|Any CPU
		{2334EA2D-BCD8-49CB-97A8-9511931DF16F}.Release|x64.Deploy.0 = Release|Any CPU
		{2334EA2D-BCD8-49CB-97A8-9511931DF16F}.Release|x86.ActiveCfg = Release|x86
		{2334EA2D-BCD8-49CB-97A8-9511931DF16F}.Release|x86.Build.0 = Release|x86
		{2334EA2D-BCD8-49CB-97A8-9511931DF16F}.Release|x86.Deploy.0 = Release|x86
		{0E9B4B82-4D29-499D-8B9D-B7FA3D1DDFC8}.Ad-Hoc|Any CPU.ActiveCfg = Release|x86
		{0E9B4B82-4D29-499D-8B9D-B7FA3D1DDFC8}.Ad-Hoc|Any CPU.Build.0 = Release|x86
		{0E9B4B82-4D29-499D-8B9D-B7FA3D1DDFC8}.Ad-Hoc|Any CPU.Deploy.0 = Release|x86
		{0E9B4B82-4D29-499D-8B9D-B7FA3D1DDFC8}.Ad-Hoc|ARM.ActiveCfg = Release|ARM
		{0E9B4B82-4D29-499D-8B9D-B7FA3D1DDFC8}.Ad-Hoc|ARM.Build.0 = Release|ARM
		{0E9B4B82-4D29-499D-8B9D-B7FA3D1DDFC8}.Ad-Hoc|ARM.Deploy.0 = Release|ARM
		{0E9B4B82-4D29-499D-8B9D-B7FA3D1DDFC8}.Ad-Hoc|iPhone.ActiveCfg = Release|x86
		{0E9B4B82-4D29-499D-8B9D-B7FA3D1DDFC8}.Ad-Hoc|iPhone.Build.0 = Release|x86
		{0E9B4B82-4D29-499D-8B9D-B7FA3D1DDFC8}.Ad-Hoc|iPhone.Deploy.0 = Release|x86
		{0E9B4B82-4D29-499D-8B9D-B7FA3D1DDFC8}.Ad-Hoc|iPhoneSimulator.ActiveCfg = Release|x86
		{0E9B4B82-4D29-499D-8B9D-B7FA3D1DDFC8}.Ad-Hoc|iPhoneSimulator.Build.0 = Release|x86
		{0E9B4B82-4D29-499D-8B9D-B7FA3D1DDFC8}.Ad-Hoc|iPhoneSimulator.Deploy.0 = Release|x86
		{0E9B4B82-4D29-499D-8B9D-B7FA3D1DDFC8}.Ad-Hoc|x64.ActiveCfg = Release|x64
		{0E9B4B82-4D29-499D-8B9D-B7FA3D1DDFC8}.Ad-Hoc|x64.Build.0 = Release|x64
		{0E9B4B82-4D29-499D-8B9D-B7FA3D1DDFC8}.Ad-Hoc|x64.Deploy.0 = Release|x64
		{0E9B4B82-4D29-499D-8B9D-B7FA3D1DDFC8}.Ad-Hoc|x86.ActiveCfg = Release|x86
		{0E9B4B82-4D29-499D-8B9D-B7FA3D1DDFC8}.Ad-Hoc|x86.Build.0 = Release|x86
		{0E9B4B82-4D29-499D-8B9D-B7FA3D1DDFC8}.Ad-Hoc|x86.Deploy.0 = Release|x86
		{0E9B4B82-4D29-499D-8B9D-B7FA3D1DDFC8}.AppStore|Any CPU.ActiveCfg = Release|x86
		{0E9B4B82-4D29-499D-8B9D-B7FA3D1DDFC8}.AppStore|Any CPU.Build.0 = Release|x86
		{0E9B4B82-4D29-499D-8B9D-B7FA3D1DDFC8}.AppStore|Any CPU.Deploy.0 = Release|x86
		{0E9B4B82-4D29-499D-8B9D-B7FA3D1DDFC8}.AppStore|ARM.ActiveCfg = Release|ARM
		{0E9B4B82-4D29-499D-8B9D-B7FA3D1DDFC8}.AppStore|ARM.Build.0 = Release|ARM
		{0E9B4B82-4D29-499D-8B9D-B7FA3D1DDFC8}.AppStore|ARM.Deploy.0 = Release|ARM
		{0E9B4B82-4D29-499D-8B9D-B7FA3D1DDFC8}.AppStore|iPhone.ActiveCfg = Release|x86
		{0E9B4B82-4D29-499D-8B9D-B7FA3D1DDFC8}.AppStore|iPhone.Build.0 = Release|x86
		{0E9B4B82-4D29-499D-8B9D-B7FA3D1DDFC8}.AppStore|iPhone.Deploy.0 = Release|x86
		{0E9B4B82-4D29-499D-8B9D-B7FA3D1DDFC8}.AppStore|iPhoneSimulator.ActiveCfg = Release|x86
		{0E9B4B82-4D29-499D-8B9D-B7FA3D1DDFC8}.AppStore|iPhoneSimulator.Build.0 = Release|x86
		{0E9B4B82-4D29-499D-8B9D-B7FA3D1DDFC8}.AppStore|iPhoneSimulator.Deploy.0 = Release|x86
		{0E9B4B82-4D29-499D-8B9D-B7FA3D1DDFC8}.AppStore|x64.ActiveCfg = Release|x64
		{0E9B4B82-4D29-499D-8B9D-B7FA3D1DDFC8}.AppStore|x64.Build.0 = Release|x64
		{0E9B4B82-4D29-499D-8B9D-B7FA3D1DDFC8}.AppStore|x64.Deploy.0 = Release|x64
		{0E9B4B82-4D29-499D-8B9D-B7FA3D1DDFC8}.AppStore|x86.ActiveCfg = Release|x86
		{0E9B4B82-4D29-499D-8B9D-B7FA3D1DDFC8}.AppStore|x86.Build.0 = Release|x86
		{0E9B4B82-4D29-499D-8B9D-B7FA3D1DDFC8}.AppStore|x86.Deploy.0 = Release|x86
		{0E9B4B82-4D29-499D-8B9D-B7FA3D1DDFC8}.Debug|Any CPU.ActiveCfg = Debug|x86
		{0E9B4B82-4D29-499D-8B9D-B7FA3D1DDFC8}.Debug|ARM.ActiveCfg = Debug|ARM
		{0E9B4B82-4D29-499D-8B9D-B7FA3D1DDFC8}.Debug|ARM.Build.0 = Debug|ARM
		{0E9B4B82-4D29-499D-8B9D-B7FA3D1DDFC8}.Debug|ARM.Deploy.0 = Debug|ARM
		{0E9B4B82-4D29-499D-8B9D-B7FA3D1DDFC8}.Debug|iPhone.ActiveCfg = Debug|x86
		{0E9B4B82-4D29-499D-8B9D-B7FA3D1DDFC8}.Debug|iPhoneSimulator.ActiveCfg = Debug|x86
		{0E9B4B82-4D29-499D-8B9D-B7FA3D1DDFC8}.Debug|x64.ActiveCfg = Debug|x64
		{0E9B4B82-4D29-499D-8B9D-B7FA3D1DDFC8}.Debug|x64.Build.0 = Debug|x64
		{0E9B4B82-4D29-499D-8B9D-B7FA3D1DDFC8}.Debug|x64.Deploy.0 = Debug|x64
		{0E9B4B82-4D29-499D-8B9D-B7FA3D1DDFC8}.Debug|x86.ActiveCfg = Debug|x86
		{0E9B4B82-4D29-499D-8B9D-B7FA3D1DDFC8}.Debug|x86.Build.0 = Debug|x86
		{0E9B4B82-4D29-499D-8B9D-B7FA3D1DDFC8}.Debug|x86.Deploy.0 = Debug|x86
		{0E9B4B82-4D29-499D-8B9D-B7FA3D1DDFC8}.Release|Any CPU.ActiveCfg = Release|x86
		{0E9B4B82-4D29-499D-8B9D-B7FA3D1DDFC8}.Release|ARM.ActiveCfg = Release|ARM
		{0E9B4B82-4D29-499D-8B9D-B7FA3D1DDFC8}.Release|ARM.Build.0 = Release|ARM
		{0E9B4B82-4D29-499D-8B9D-B7FA3D1DDFC8}.Release|ARM.Deploy.0 = Release|ARM
		{0E9B4B82-4D29-499D-8B9D-B7FA3D1DDFC8}.Release|iPhone.ActiveCfg = Release|x86
		{0E9B4B82-4D29-499D-8B9D-B7FA3D1DDFC8}.Release|iPhoneSimulator.ActiveCfg = Release|x86
		{0E9B4B82-4D29-499D-8B9D-B7FA3D1DDFC8}.Release|x64.ActiveCfg = Release|x64
		{0E9B4B82-4D29-499D-8B9D-B7FA3D1DDFC8}.Release|x64.Build.0 = Release|x64
		{0E9B4B82-4D29-499D-8B9D-B7FA3D1DDFC8}.Release|x64.Deploy.0 = Release|x64
		{0E9B4B82-4D29-499D-8B9D-B7FA3D1DDFC8}.Release|x86.ActiveCfg = Release|x86
		{0E9B4B82-4D29-499D-8B9D-B7FA3D1DDFC8}.Release|x86.Build.0 = Release|x86
		{0E9B4B82-4D29-499D-8B9D-B7FA3D1DDFC8}.Release|x86.Deploy.0 = Release|x86
		{1CC389C9-D98A-42E8-A1E3-785DF5764217}.Ad-Hoc|Any CPU.ActiveCfg = Release|Any CPU
		{1CC389C9-D98A-42E8-A1E3-785DF5764217}.Ad-Hoc|Any CPU.Build.0 = Release|Any CPU
		{1CC389C9-D98A-42E8-A1E3-785DF5764217}.Ad-Hoc|Any CPU.Deploy.0 = Release|Any CPU
		{1CC389C9-D98A-42E8-A1E3-785DF5764217}.Ad-Hoc|ARM.ActiveCfg = Release|ARM
		{1CC389C9-D98A-42E8-A1E3-785DF5764217}.Ad-Hoc|ARM.Build.0 = Release|ARM
		{1CC389C9-D98A-42E8-A1E3-785DF5764217}.Ad-Hoc|ARM.Deploy.0 = Release|ARM
		{1CC389C9-D98A-42E8-A1E3-785DF5764217}.Ad-Hoc|iPhone.ActiveCfg = Release|Any CPU
		{1CC389C9-D98A-42E8-A1E3-785DF5764217}.Ad-Hoc|iPhone.Build.0 = Release|Any CPU
		{1CC389C9-D98A-42E8-A1E3-785DF5764217}.Ad-Hoc|iPhone.Deploy.0 = Release|Any CPU
		{1CC389C9-D98A-42E8-A1E3-785DF5764217}.Ad-Hoc|iPhoneSimulator.ActiveCfg = Release|Any CPU
		{1CC389C9-D98A-42E8-A1E3-785DF5764217}.Ad-Hoc|iPhoneSimulator.Build.0 = Release|Any CPU
		{1CC389C9-D98A-42E8-A1E3-785DF5764217}.Ad-Hoc|iPhoneSimulator.Deploy.0 = Release|Any CPU
		{1CC389C9-D98A-42E8-A1E3-785DF5764217}.Ad-Hoc|x64.ActiveCfg = Release|x64
		{1CC389C9-D98A-42E8-A1E3-785DF5764217}.Ad-Hoc|x64.Build.0 = Release|x64
		{1CC389C9-D98A-42E8-A1E3-785DF5764217}.Ad-Hoc|x64.Deploy.0 = Release|x64
		{1CC389C9-D98A-42E8-A1E3-785DF5764217}.Ad-Hoc|x86.ActiveCfg = Release|x86
		{1CC389C9-D98A-42E8-A1E3-785DF5764217}.Ad-Hoc|x86.Build.0 = Release|x86
		{1CC389C9-D98A-42E8-A1E3-785DF5764217}.Ad-Hoc|x86.Deploy.0 = Release|x86
		{1CC389C9-D98A-42E8-A1E3-785DF5764217}.AppStore|Any CPU.ActiveCfg = Release|Any CPU
		{1CC389C9-D98A-42E8-A1E3-785DF5764217}.AppStore|Any CPU.Build.0 = Release|Any CPU
		{1CC389C9-D98A-42E8-A1E3-785DF5764217}.AppStore|Any CPU.Deploy.0 = Release|Any CPU
		{1CC389C9-D98A-42E8-A1E3-785DF5764217}.AppStore|ARM.ActiveCfg = Release|ARM
		{1CC389C9-D98A-42E8-A1E3-785DF5764217}.AppStore|ARM.Build.0 = Release|ARM
		{1CC389C9-D98A-42E8-A1E3-785DF5764217}.AppStore|ARM.Deploy.0 = Release|ARM
		{1CC389C9-D98A-42E8-A1E3-785DF5764217}.AppStore|iPhone.ActiveCfg = Release|Any CPU
		{1CC389C9-D98A-42E8-A1E3-785DF5764217}.AppStore|iPhone.Build.0 = Release|Any CPU
		{1CC389C9-D98A-42E8-A1E3-785DF5764217}.AppStore|iPhone.Deploy.0 = Release|Any CPU
		{1CC389C9-D98A-42E8-A1E3-785DF5764217}.AppStore|iPhoneSimulator.ActiveCfg = Release|Any CPU
		{1CC389C9-D98A-42E8-A1E3-785DF5764217}.AppStore|iPhoneSimulator.Build.0 = Release|Any CPU
		{1CC389C9-D98A-42E8-A1E3-785DF5764217}.AppStore|iPhoneSimulator.Deploy.0 = Release|Any CPU
		{1CC389C9-D98A-42E8-A1E3-785DF5764217}.AppStore|x64.ActiveCfg = Release|x64
		{1CC389C9-D98A-42E8-A1E3-785DF5764217}.AppStore|x64.Build.0 = Release|x64
		{1CC389C9-D98A-42E8-A1E3-785DF5764217}.AppStore|x64.Deploy.0 = Release|x64
		{1CC389C9-D98A-42E8-A1E3-785DF5764217}.AppStore|x86.ActiveCfg = Release|x86
		{1CC389C9-D98A-42E8-A1E3-785DF5764217}.AppStore|x86.Build.0 = Release|x86
		{1CC389C9-D98A-42E8-A1E3-785DF5764217}.AppStore|x86.Deploy.0 = Release|x86
		{1CC389C9-D98A-42E8-A1E3-785DF5764217}.Debug|Any CPU.ActiveCfg = Debug|Any CPU
		{1CC389C9-D98A-42E8-A1E3-785DF5764217}.Debug|Any CPU.Build.0 = Debug|Any CPU
		{1CC389C9-D98A-42E8-A1E3-785DF5764217}.Debug|Any CPU.Deploy.0 = Debug|Any CPU
		{1CC389C9-D98A-42E8-A1E3-785DF5764217}.Debug|ARM.ActiveCfg = Debug|ARM
		{1CC389C9-D98A-42E8-A1E3-785DF5764217}.Debug|ARM.Build.0 = Debug|ARM
		{1CC389C9-D98A-42E8-A1E3-785DF5764217}.Debug|ARM.Deploy.0 = Debug|ARM
		{1CC389C9-D98A-42E8-A1E3-785DF5764217}.Debug|iPhone.ActiveCfg = Debug|Any CPU
		{1CC389C9-D98A-42E8-A1E3-785DF5764217}.Debug|iPhone.Build.0 = Debug|Any CPU
		{1CC389C9-D98A-42E8-A1E3-785DF5764217}.Debug|iPhone.Deploy.0 = Debug|Any CPU
		{1CC389C9-D98A-42E8-A1E3-785DF5764217}.Debug|iPhoneSimulator.ActiveCfg = Debug|Any CPU
		{1CC389C9-D98A-42E8-A1E3-785DF5764217}.Debug|iPhoneSimulator.Build.0 = Debug|Any CPU
		{1CC389C9-D98A-42E8-A1E3-785DF5764217}.Debug|iPhoneSimulator.Deploy.0 = Debug|Any CPU
		{1CC389C9-D98A-42E8-A1E3-785DF5764217}.Debug|x64.ActiveCfg = Debug|x64
		{1CC389C9-D98A-42E8-A1E3-785DF5764217}.Debug|x64.Build.0 = Debug|x64
		{1CC389C9-D98A-42E8-A1E3-785DF5764217}.Debug|x64.Deploy.0 = Debug|x64
		{1CC389C9-D98A-42E8-A1E3-785DF5764217}.Debug|x86.ActiveCfg = Debug|x86
		{1CC389C9-D98A-42E8-A1E3-785DF5764217}.Debug|x86.Build.0 = Debug|x86
		{1CC389C9-D98A-42E8-A1E3-785DF5764217}.Debug|x86.Deploy.0 = Debug|x86
		{1CC389C9-D98A-42E8-A1E3-785DF5764217}.Release|Any CPU.ActiveCfg = Release|Any CPU
		{1CC389C9-D98A-42E8-A1E3-785DF5764217}.Release|Any CPU.Build.0 = Release|Any CPU
		{1CC389C9-D98A-42E8-A1E3-785DF5764217}.Release|Any CPU.Deploy.0 = Release|Any CPU
		{1CC389C9-D98A-42E8-A1E3-785DF5764217}.Release|ARM.ActiveCfg = Release|ARM
		{1CC389C9-D98A-42E8-A1E3-785DF5764217}.Release|ARM.Build.0 = Release|ARM
		{1CC389C9-D98A-42E8-A1E3-785DF5764217}.Release|ARM.Deploy.0 = Release|ARM
		{1CC389C9-D98A-42E8-A1E3-785DF5764217}.Release|iPhone.ActiveCfg = Release|Any CPU
		{1CC389C9-D98A-42E8-A1E3-785DF5764217}.Release|iPhone.Build.0 = Release|Any CPU
		{1CC389C9-D98A-42E8-A1E3-785DF5764217}.Release|iPhone.Deploy.0 = Release|Any CPU
		{1CC389C9-D98A-42E8-A1E3-785DF5764217}.Release|iPhoneSimulator.ActiveCfg = Release|Any CPU
		{1CC389C9-D98A-42E8-A1E3-785DF5764217}.Release|iPhoneSimulator.Build.0 = Release|Any CPU
		{1CC389C9-D98A-42E8-A1E3-785DF5764217}.Release|iPhoneSimulator.Deploy.0 = Release|Any CPU
		{1CC389C9-D98A-42E8-A1E3-785DF5764217}.Release|x64.ActiveCfg = Release|x64
		{1CC389C9-D98A-42E8-A1E3-785DF5764217}.Release|x64.Build.0 = Release|x64
		{1CC389C9-D98A-42E8-A1E3-785DF5764217}.Release|x64.Deploy.0 = Release|x64
		{1CC389C9-D98A-42E8-A1E3-785DF5764217}.Release|x86.ActiveCfg = Release|x86
		{1CC389C9-D98A-42E8-A1E3-785DF5764217}.Release|x86.Build.0 = Release|x86
		{1CC389C9-D98A-42E8-A1E3-785DF5764217}.Release|x86.Deploy.0 = Release|x86
		{2832F3F5-842A-4F01-9253-F5D224A56531}.Ad-Hoc|Any CPU.ActiveCfg = Release|Any CPU
		{2832F3F5-842A-4F01-9253-F5D224A56531}.Ad-Hoc|Any CPU.Build.0 = Release|Any CPU
		{2832F3F5-842A-4F01-9253-F5D224A56531}.Ad-Hoc|ARM.ActiveCfg = Release|Any CPU
		{2832F3F5-842A-4F01-9253-F5D224A56531}.Ad-Hoc|ARM.Build.0 = Release|Any CPU
		{2832F3F5-842A-4F01-9253-F5D224A56531}.Ad-Hoc|iPhone.ActiveCfg = Release|Any CPU
		{2832F3F5-842A-4F01-9253-F5D224A56531}.Ad-Hoc|iPhone.Build.0 = Release|Any CPU
		{2832F3F5-842A-4F01-9253-F5D224A56531}.Ad-Hoc|iPhoneSimulator.ActiveCfg = Release|Any CPU
		{2832F3F5-842A-4F01-9253-F5D224A56531}.Ad-Hoc|iPhoneSimulator.Build.0 = Release|Any CPU
		{2832F3F5-842A-4F01-9253-F5D224A56531}.Ad-Hoc|x64.ActiveCfg = Release|Any CPU
		{2832F3F5-842A-4F01-9253-F5D224A56531}.Ad-Hoc|x64.Build.0 = Release|Any CPU
		{2832F3F5-842A-4F01-9253-F5D224A56531}.Ad-Hoc|x86.ActiveCfg = Release|Any CPU
		{2832F3F5-842A-4F01-9253-F5D224A56531}.Ad-Hoc|x86.Build.0 = Release|Any CPU
		{2832F3F5-842A-4F01-9253-F5D224A56531}.AppStore|Any CPU.ActiveCfg = Release|Any CPU
		{2832F3F5-842A-4F01-9253-F5D224A56531}.AppStore|Any CPU.Build.0 = Release|Any CPU
		{2832F3F5-842A-4F01-9253-F5D224A56531}.AppStore|ARM.ActiveCfg = Release|Any CPU
		{2832F3F5-842A-4F01-9253-F5D224A56531}.AppStore|ARM.Build.0 = Release|Any CPU
		{2832F3F5-842A-4F01-9253-F5D224A56531}.AppStore|iPhone.ActiveCfg = Release|Any CPU
		{2832F3F5-842A-4F01-9253-F5D224A56531}.AppStore|iPhone.Build.0 = Release|Any CPU
		{2832F3F5-842A-4F01-9253-F5D224A56531}.AppStore|iPhoneSimulator.ActiveCfg = Release|Any CPU
		{2832F3F5-842A-4F01-9253-F5D224A56531}.AppStore|iPhoneSimulator.Build.0 = Release|Any CPU
		{2832F3F5-842A-4F01-9253-F5D224A56531}.AppStore|x64.ActiveCfg = Release|Any CPU
		{2832F3F5-842A-4F01-9253-F5D224A56531}.AppStore|x64.Build.0 = Release|Any CPU
		{2832F3F5-842A-4F01-9253-F5D224A56531}.AppStore|x86.ActiveCfg = Release|Any CPU
		{2832F3F5-842A-4F01-9253-F5D224A56531}.AppStore|x86.Build.0 = Release|Any CPU
		{2832F3F5-842A-4F01-9253-F5D224A56531}.Debug|Any CPU.ActiveCfg = Debug|Any CPU
		{2832F3F5-842A-4F01-9253-F5D224A56531}.Debug|Any CPU.Build.0 = Debug|Any CPU
		{2832F3F5-842A-4F01-9253-F5D224A56531}.Debug|ARM.ActiveCfg = Debug|Any CPU
		{2832F3F5-842A-4F01-9253-F5D224A56531}.Debug|ARM.Build.0 = Debug|Any CPU
		{2832F3F5-842A-4F01-9253-F5D224A56531}.Debug|iPhone.ActiveCfg = Debug|Any CPU
		{2832F3F5-842A-4F01-9253-F5D224A56531}.Debug|iPhone.Build.0 = Debug|Any CPU
		{2832F3F5-842A-4F01-9253-F5D224A56531}.Debug|iPhoneSimulator.ActiveCfg = Debug|Any CPU
		{2832F3F5-842A-4F01-9253-F5D224A56531}.Debug|iPhoneSimulator.Build.0 = Debug|Any CPU
		{2832F3F5-842A-4F01-9253-F5D224A56531}.Debug|x64.ActiveCfg = Debug|Any CPU
		{2832F3F5-842A-4F01-9253-F5D224A56531}.Debug|x64.Build.0 = Debug|Any CPU
		{2832F3F5-842A-4F01-9253-F5D224A56531}.Debug|x86.ActiveCfg = Debug|Any CPU
		{2832F3F5-842A-4F01-9253-F5D224A56531}.Debug|x86.Build.0 = Debug|Any CPU
		{2832F3F5-842A-4F01-9253-F5D224A56531}.Release|Any CPU.ActiveCfg = Release|Any CPU
		{2832F3F5-842A-4F01-9253-F5D224A56531}.Release|Any CPU.Build.0 = Release|Any CPU
		{2832F3F5-842A-4F01-9253-F5D224A56531}.Release|ARM.ActiveCfg = Release|Any CPU
		{2832F3F5-842A-4F01-9253-F5D224A56531}.Release|ARM.Build.0 = Release|Any CPU
		{2832F3F5-842A-4F01-9253-F5D224A56531}.Release|iPhone.ActiveCfg = Release|Any CPU
		{2832F3F5-842A-4F01-9253-F5D224A56531}.Release|iPhone.Build.0 = Release|Any CPU
		{2832F3F5-842A-4F01-9253-F5D224A56531}.Release|iPhoneSimulator.ActiveCfg = Release|Any CPU
		{2832F3F5-842A-4F01-9253-F5D224A56531}.Release|iPhoneSimulator.Build.0 = Release|Any CPU
		{2832F3F5-842A-4F01-9253-F5D224A56531}.Release|x64.ActiveCfg = Release|Any CPU
		{2832F3F5-842A-4F01-9253-F5D224A56531}.Release|x64.Build.0 = Release|Any CPU
		{2832F3F5-842A-4F01-9253-F5D224A56531}.Release|x86.ActiveCfg = Release|Any CPU
		{2832F3F5-842A-4F01-9253-F5D224A56531}.Release|x86.Build.0 = Release|Any CPU
		{32E7ECE7-E681-446E-92E3-D595E709A427}.Ad-Hoc|Any CPU.ActiveCfg = Ad-Hoc|iPhone
		{32E7ECE7-E681-446E-92E3-D595E709A427}.Ad-Hoc|ARM.ActiveCfg = Ad-Hoc|iPhone
		{32E7ECE7-E681-446E-92E3-D595E709A427}.Ad-Hoc|iPhone.ActiveCfg = Ad-Hoc|iPhone
		{32E7ECE7-E681-446E-92E3-D595E709A427}.Ad-Hoc|iPhone.Build.0 = Ad-Hoc|iPhone
		{32E7ECE7-E681-446E-92E3-D595E709A427}.Ad-Hoc|iPhoneSimulator.ActiveCfg = Ad-Hoc|iPhoneSimulator
		{32E7ECE7-E681-446E-92E3-D595E709A427}.Ad-Hoc|iPhoneSimulator.Build.0 = Ad-Hoc|iPhoneSimulator
		{32E7ECE7-E681-446E-92E3-D595E709A427}.Ad-Hoc|x64.ActiveCfg = Ad-Hoc|iPhone
		{32E7ECE7-E681-446E-92E3-D595E709A427}.Ad-Hoc|x86.ActiveCfg = Ad-Hoc|iPhone
		{32E7ECE7-E681-446E-92E3-D595E709A427}.AppStore|Any CPU.ActiveCfg = AppStore|iPhone
		{32E7ECE7-E681-446E-92E3-D595E709A427}.AppStore|ARM.ActiveCfg = AppStore|iPhone
		{32E7ECE7-E681-446E-92E3-D595E709A427}.AppStore|iPhone.ActiveCfg = AppStore|iPhone
		{32E7ECE7-E681-446E-92E3-D595E709A427}.AppStore|iPhone.Build.0 = AppStore|iPhone
		{32E7ECE7-E681-446E-92E3-D595E709A427}.AppStore|iPhoneSimulator.ActiveCfg = AppStore|iPhoneSimulator
		{32E7ECE7-E681-446E-92E3-D595E709A427}.AppStore|iPhoneSimulator.Build.0 = AppStore|iPhoneSimulator
		{32E7ECE7-E681-446E-92E3-D595E709A427}.AppStore|x64.ActiveCfg = AppStore|iPhone
		{32E7ECE7-E681-446E-92E3-D595E709A427}.AppStore|x86.ActiveCfg = AppStore|iPhone
		{32E7ECE7-E681-446E-92E3-D595E709A427}.Debug|Any CPU.ActiveCfg = Debug|iPhone
		{32E7ECE7-E681-446E-92E3-D595E709A427}.Debug|ARM.ActiveCfg = Debug|iPhone
		{32E7ECE7-E681-446E-92E3-D595E709A427}.Debug|iPhone.ActiveCfg = Debug|iPhone
		{32E7ECE7-E681-446E-92E3-D595E709A427}.Debug|iPhone.Build.0 = Debug|iPhone
		{32E7ECE7-E681-446E-92E3-D595E709A427}.Debug|iPhoneSimulator.ActiveCfg = Debug|iPhoneSimulator
		{32E7ECE7-E681-446E-92E3-D595E709A427}.Debug|iPhoneSimulator.Build.0 = Debug|iPhoneSimulator
		{32E7ECE7-E681-446E-92E3-D595E709A427}.Debug|x64.ActiveCfg = Debug|iPhone
		{32E7ECE7-E681-446E-92E3-D595E709A427}.Debug|x86.ActiveCfg = Debug|iPhone
		{32E7ECE7-E681-446E-92E3-D595E709A427}.Release|Any CPU.ActiveCfg = Release|iPhone
		{32E7ECE7-E681-446E-92E3-D595E709A427}.Release|ARM.ActiveCfg = Release|iPhone
		{32E7ECE7-E681-446E-92E3-D595E709A427}.Release|iPhone.ActiveCfg = Release|iPhone
		{32E7ECE7-E681-446E-92E3-D595E709A427}.Release|iPhone.Build.0 = Release|iPhone
		{32E7ECE7-E681-446E-92E3-D595E709A427}.Release|iPhoneSimulator.ActiveCfg = Release|iPhoneSimulator
		{32E7ECE7-E681-446E-92E3-D595E709A427}.Release|iPhoneSimulator.Build.0 = Release|iPhoneSimulator
		{32E7ECE7-E681-446E-92E3-D595E709A427}.Release|x64.ActiveCfg = Release|iPhone
		{32E7ECE7-E681-446E-92E3-D595E709A427}.Release|x86.ActiveCfg = Release|iPhone
		{278068E0-BB17-4C84-A35E-FAF1E647B1B0}.Ad-Hoc|Any CPU.ActiveCfg = Release|Any CPU
		{278068E0-BB17-4C84-A35E-FAF1E647B1B0}.Ad-Hoc|Any CPU.Build.0 = Release|Any CPU
		{278068E0-BB17-4C84-A35E-FAF1E647B1B0}.Ad-Hoc|Any CPU.Deploy.0 = Release|Any CPU
		{278068E0-BB17-4C84-A35E-FAF1E647B1B0}.Ad-Hoc|ARM.ActiveCfg = Release|Any CPU
		{278068E0-BB17-4C84-A35E-FAF1E647B1B0}.Ad-Hoc|ARM.Build.0 = Release|Any CPU
		{278068E0-BB17-4C84-A35E-FAF1E647B1B0}.Ad-Hoc|ARM.Deploy.0 = Release|Any CPU
		{278068E0-BB17-4C84-A35E-FAF1E647B1B0}.Ad-Hoc|iPhone.ActiveCfg = Release|Any CPU
		{278068E0-BB17-4C84-A35E-FAF1E647B1B0}.Ad-Hoc|iPhone.Build.0 = Release|Any CPU
		{278068E0-BB17-4C84-A35E-FAF1E647B1B0}.Ad-Hoc|iPhone.Deploy.0 = Release|Any CPU
		{278068E0-BB17-4C84-A35E-FAF1E647B1B0}.Ad-Hoc|iPhoneSimulator.ActiveCfg = Release|Any CPU
		{278068E0-BB17-4C84-A35E-FAF1E647B1B0}.Ad-Hoc|iPhoneSimulator.Build.0 = Release|Any CPU
		{278068E0-BB17-4C84-A35E-FAF1E647B1B0}.Ad-Hoc|iPhoneSimulator.Deploy.0 = Release|Any CPU
		{278068E0-BB17-4C84-A35E-FAF1E647B1B0}.Ad-Hoc|x64.ActiveCfg = Release|Any CPU
		{278068E0-BB17-4C84-A35E-FAF1E647B1B0}.Ad-Hoc|x64.Build.0 = Release|Any CPU
		{278068E0-BB17-4C84-A35E-FAF1E647B1B0}.Ad-Hoc|x64.Deploy.0 = Release|Any CPU
		{278068E0-BB17-4C84-A35E-FAF1E647B1B0}.Ad-Hoc|x86.ActiveCfg = Release|Any CPU
		{278068E0-BB17-4C84-A35E-FAF1E647B1B0}.Ad-Hoc|x86.Build.0 = Release|Any CPU
		{278068E0-BB17-4C84-A35E-FAF1E647B1B0}.Ad-Hoc|x86.Deploy.0 = Release|Any CPU
		{278068E0-BB17-4C84-A35E-FAF1E647B1B0}.AppStore|Any CPU.ActiveCfg = Release|Any CPU
		{278068E0-BB17-4C84-A35E-FAF1E647B1B0}.AppStore|Any CPU.Build.0 = Release|Any CPU
		{278068E0-BB17-4C84-A35E-FAF1E647B1B0}.AppStore|Any CPU.Deploy.0 = Release|Any CPU
		{278068E0-BB17-4C84-A35E-FAF1E647B1B0}.AppStore|ARM.ActiveCfg = Release|Any CPU
		{278068E0-BB17-4C84-A35E-FAF1E647B1B0}.AppStore|ARM.Build.0 = Release|Any CPU
		{278068E0-BB17-4C84-A35E-FAF1E647B1B0}.AppStore|ARM.Deploy.0 = Release|Any CPU
		{278068E0-BB17-4C84-A35E-FAF1E647B1B0}.AppStore|iPhone.ActiveCfg = Release|Any CPU
		{278068E0-BB17-4C84-A35E-FAF1E647B1B0}.AppStore|iPhone.Build.0 = Release|Any CPU
		{278068E0-BB17-4C84-A35E-FAF1E647B1B0}.AppStore|iPhone.Deploy.0 = Release|Any CPU
		{278068E0-BB17-4C84-A35E-FAF1E647B1B0}.AppStore|iPhoneSimulator.ActiveCfg = Release|Any CPU
		{278068E0-BB17-4C84-A35E-FAF1E647B1B0}.AppStore|iPhoneSimulator.Build.0 = Release|Any CPU
		{278068E0-BB17-4C84-A35E-FAF1E647B1B0}.AppStore|iPhoneSimulator.Deploy.0 = Release|Any CPU
		{278068E0-BB17-4C84-A35E-FAF1E647B1B0}.AppStore|x64.ActiveCfg = Release|Any CPU
		{278068E0-BB17-4C84-A35E-FAF1E647B1B0}.AppStore|x64.Build.0 = Release|Any CPU
		{278068E0-BB17-4C84-A35E-FAF1E647B1B0}.AppStore|x64.Deploy.0 = Release|Any CPU
		{278068E0-BB17-4C84-A35E-FAF1E647B1B0}.AppStore|x86.ActiveCfg = Release|Any CPU
		{278068E0-BB17-4C84-A35E-FAF1E647B1B0}.AppStore|x86.Build.0 = Release|Any CPU
		{278068E0-BB17-4C84-A35E-FAF1E647B1B0}.AppStore|x86.Deploy.0 = Release|Any CPU
		{278068E0-BB17-4C84-A35E-FAF1E647B1B0}.Debug|Any CPU.ActiveCfg = Debug|Any CPU
		{278068E0-BB17-4C84-A35E-FAF1E647B1B0}.Debug|Any CPU.Build.0 = Debug|Any CPU
		{278068E0-BB17-4C84-A35E-FAF1E647B1B0}.Debug|Any CPU.Deploy.0 = Debug|Any CPU
		{278068E0-BB17-4C84-A35E-FAF1E647B1B0}.Debug|ARM.ActiveCfg = Debug|Any CPU
		{278068E0-BB17-4C84-A35E-FAF1E647B1B0}.Debug|ARM.Build.0 = Debug|Any CPU
		{278068E0-BB17-4C84-A35E-FAF1E647B1B0}.Debug|ARM.Deploy.0 = Debug|Any CPU
		{278068E0-BB17-4C84-A35E-FAF1E647B1B0}.Debug|iPhone.ActiveCfg = Debug|Any CPU
		{278068E0-BB17-4C84-A35E-FAF1E647B1B0}.Debug|iPhone.Build.0 = Debug|Any CPU
		{278068E0-BB17-4C84-A35E-FAF1E647B1B0}.Debug|iPhone.Deploy.0 = Debug|Any CPU
		{278068E0-BB17-4C84-A35E-FAF1E647B1B0}.Debug|iPhoneSimulator.ActiveCfg = Debug|Any CPU
		{278068E0-BB17-4C84-A35E-FAF1E647B1B0}.Debug|iPhoneSimulator.Build.0 = Debug|Any CPU
		{278068E0-BB17-4C84-A35E-FAF1E647B1B0}.Debug|iPhoneSimulator.Deploy.0 = Debug|Any CPU
		{278068E0-BB17-4C84-A35E-FAF1E647B1B0}.Debug|x64.ActiveCfg = Debug|Any CPU
		{278068E0-BB17-4C84-A35E-FAF1E647B1B0}.Debug|x64.Build.0 = Debug|Any CPU
		{278068E0-BB17-4C84-A35E-FAF1E647B1B0}.Debug|x64.Deploy.0 = Debug|Any CPU
		{278068E0-BB17-4C84-A35E-FAF1E647B1B0}.Debug|x86.ActiveCfg = Debug|Any CPU
		{278068E0-BB17-4C84-A35E-FAF1E647B1B0}.Debug|x86.Build.0 = Debug|Any CPU
		{278068E0-BB17-4C84-A35E-FAF1E647B1B0}.Debug|x86.Deploy.0 = Debug|Any CPU
		{278068E0-BB17-4C84-A35E-FAF1E647B1B0}.Release|Any CPU.ActiveCfg = Release|Any CPU
		{278068E0-BB17-4C84-A35E-FAF1E647B1B0}.Release|Any CPU.Build.0 = Release|Any CPU
		{278068E0-BB17-4C84-A35E-FAF1E647B1B0}.Release|Any CPU.Deploy.0 = Release|Any CPU
		{278068E0-BB17-4C84-A35E-FAF1E647B1B0}.Release|ARM.ActiveCfg = Release|Any CPU
		{278068E0-BB17-4C84-A35E-FAF1E647B1B0}.Release|ARM.Build.0 = Release|Any CPU
		{278068E0-BB17-4C84-A35E-FAF1E647B1B0}.Release|ARM.Deploy.0 = Release|Any CPU
		{278068E0-BB17-4C84-A35E-FAF1E647B1B0}.Release|iPhone.ActiveCfg = Release|Any CPU
		{278068E0-BB17-4C84-A35E-FAF1E647B1B0}.Release|iPhone.Build.0 = Release|Any CPU
		{278068E0-BB17-4C84-A35E-FAF1E647B1B0}.Release|iPhone.Deploy.0 = Release|Any CPU
		{278068E0-BB17-4C84-A35E-FAF1E647B1B0}.Release|iPhoneSimulator.ActiveCfg = Release|Any CPU
		{278068E0-BB17-4C84-A35E-FAF1E647B1B0}.Release|iPhoneSimulator.Build.0 = Release|Any CPU
		{278068E0-BB17-4C84-A35E-FAF1E647B1B0}.Release|iPhoneSimulator.Deploy.0 = Release|Any CPU
		{278068E0-BB17-4C84-A35E-FAF1E647B1B0}.Release|x64.ActiveCfg = Release|Any CPU
		{278068E0-BB17-4C84-A35E-FAF1E647B1B0}.Release|x64.Build.0 = Release|Any CPU
		{278068E0-BB17-4C84-A35E-FAF1E647B1B0}.Release|x64.Deploy.0 = Release|Any CPU
		{278068E0-BB17-4C84-A35E-FAF1E647B1B0}.Release|x86.ActiveCfg = Release|Any CPU
		{278068E0-BB17-4C84-A35E-FAF1E647B1B0}.Release|x86.Build.0 = Release|Any CPU
		{278068E0-BB17-4C84-A35E-FAF1E647B1B0}.Release|x86.Deploy.0 = Release|Any CPU
		{F496DF6C-0388-4093-9251-A6C8FA5EA023}.Ad-Hoc|Any CPU.ActiveCfg = Release|Any CPU
		{F496DF6C-0388-4093-9251-A6C8FA5EA023}.Ad-Hoc|Any CPU.Build.0 = Release|Any CPU
		{F496DF6C-0388-4093-9251-A6C8FA5EA023}.Ad-Hoc|ARM.ActiveCfg = Release|Any CPU
		{F496DF6C-0388-4093-9251-A6C8FA5EA023}.Ad-Hoc|ARM.Build.0 = Release|Any CPU
		{F496DF6C-0388-4093-9251-A6C8FA5EA023}.Ad-Hoc|iPhone.ActiveCfg = Release|Any CPU
		{F496DF6C-0388-4093-9251-A6C8FA5EA023}.Ad-Hoc|iPhone.Build.0 = Release|Any CPU
		{F496DF6C-0388-4093-9251-A6C8FA5EA023}.Ad-Hoc|iPhoneSimulator.ActiveCfg = Release|Any CPU
		{F496DF6C-0388-4093-9251-A6C8FA5EA023}.Ad-Hoc|iPhoneSimulator.Build.0 = Release|Any CPU
		{F496DF6C-0388-4093-9251-A6C8FA5EA023}.Ad-Hoc|x64.ActiveCfg = Release|Any CPU
		{F496DF6C-0388-4093-9251-A6C8FA5EA023}.Ad-Hoc|x64.Build.0 = Release|Any CPU
		{F496DF6C-0388-4093-9251-A6C8FA5EA023}.Ad-Hoc|x86.ActiveCfg = Release|Any CPU
		{F496DF6C-0388-4093-9251-A6C8FA5EA023}.Ad-Hoc|x86.Build.0 = Release|Any CPU
		{F496DF6C-0388-4093-9251-A6C8FA5EA023}.AppStore|Any CPU.ActiveCfg = Release|Any CPU
		{F496DF6C-0388-4093-9251-A6C8FA5EA023}.AppStore|Any CPU.Build.0 = Release|Any CPU
		{F496DF6C-0388-4093-9251-A6C8FA5EA023}.AppStore|ARM.ActiveCfg = Release|Any CPU
		{F496DF6C-0388-4093-9251-A6C8FA5EA023}.AppStore|ARM.Build.0 = Release|Any CPU
		{F496DF6C-0388-4093-9251-A6C8FA5EA023}.AppStore|iPhone.ActiveCfg = Release|Any CPU
		{F496DF6C-0388-4093-9251-A6C8FA5EA023}.AppStore|iPhone.Build.0 = Release|Any CPU
		{F496DF6C-0388-4093-9251-A6C8FA5EA023}.AppStore|iPhoneSimulator.ActiveCfg = Release|Any CPU
		{F496DF6C-0388-4093-9251-A6C8FA5EA023}.AppStore|iPhoneSimulator.Build.0 = Release|Any CPU
		{F496DF6C-0388-4093-9251-A6C8FA5EA023}.AppStore|x64.ActiveCfg = Release|Any CPU
		{F496DF6C-0388-4093-9251-A6C8FA5EA023}.AppStore|x64.Build.0 = Release|Any CPU
		{F496DF6C-0388-4093-9251-A6C8FA5EA023}.AppStore|x86.ActiveCfg = Release|Any CPU
		{F496DF6C-0388-4093-9251-A6C8FA5EA023}.AppStore|x86.Build.0 = Release|Any CPU
		{F496DF6C-0388-4093-9251-A6C8FA5EA023}.Debug|Any CPU.ActiveCfg = Debug|Any CPU
		{F496DF6C-0388-4093-9251-A6C8FA5EA023}.Debug|Any CPU.Build.0 = Debug|Any CPU
		{F496DF6C-0388-4093-9251-A6C8FA5EA023}.Debug|ARM.ActiveCfg = Debug|Any CPU
		{F496DF6C-0388-4093-9251-A6C8FA5EA023}.Debug|ARM.Build.0 = Debug|Any CPU
		{F496DF6C-0388-4093-9251-A6C8FA5EA023}.Debug|iPhone.ActiveCfg = Debug|Any CPU
		{F496DF6C-0388-4093-9251-A6C8FA5EA023}.Debug|iPhone.Build.0 = Debug|Any CPU
		{F496DF6C-0388-4093-9251-A6C8FA5EA023}.Debug|iPhoneSimulator.ActiveCfg = Debug|Any CPU
		{F496DF6C-0388-4093-9251-A6C8FA5EA023}.Debug|iPhoneSimulator.Build.0 = Debug|Any CPU
		{F496DF6C-0388-4093-9251-A6C8FA5EA023}.Debug|x64.ActiveCfg = Debug|Any CPU
		{F496DF6C-0388-4093-9251-A6C8FA5EA023}.Debug|x64.Build.0 = Debug|Any CPU
		{F496DF6C-0388-4093-9251-A6C8FA5EA023}.Debug|x86.ActiveCfg = Debug|Any CPU
		{F496DF6C-0388-4093-9251-A6C8FA5EA023}.Debug|x86.Build.0 = Debug|Any CPU
		{F496DF6C-0388-4093-9251-A6C8FA5EA023}.Release|Any CPU.ActiveCfg = Release|Any CPU
		{F496DF6C-0388-4093-9251-A6C8FA5EA023}.Release|Any CPU.Build.0 = Release|Any CPU
		{F496DF6C-0388-4093-9251-A6C8FA5EA023}.Release|ARM.ActiveCfg = Release|Any CPU
		{F496DF6C-0388-4093-9251-A6C8FA5EA023}.Release|ARM.Build.0 = Release|Any CPU
		{F496DF6C-0388-4093-9251-A6C8FA5EA023}.Release|iPhone.ActiveCfg = Release|Any CPU
		{F496DF6C-0388-4093-9251-A6C8FA5EA023}.Release|iPhone.Build.0 = Release|Any CPU
		{F496DF6C-0388-4093-9251-A6C8FA5EA023}.Release|iPhoneSimulator.ActiveCfg = Release|Any CPU
		{F496DF6C-0388-4093-9251-A6C8FA5EA023}.Release|iPhoneSimulator.Build.0 = Release|Any CPU
		{F496DF6C-0388-4093-9251-A6C8FA5EA023}.Release|x64.ActiveCfg = Release|Any CPU
		{F496DF6C-0388-4093-9251-A6C8FA5EA023}.Release|x64.Build.0 = Release|Any CPU
		{F496DF6C-0388-4093-9251-A6C8FA5EA023}.Release|x86.ActiveCfg = Release|Any CPU
		{F496DF6C-0388-4093-9251-A6C8FA5EA023}.Release|x86.Build.0 = Release|Any CPU
	EndGlobalSection
	GlobalSection(SolutionProperties) = preSolution
		HideSolutionNode = FALSE
	EndGlobalSection
	GlobalSection(NestedProjects) = preSolution
		{AE38DA56-FD80-47BA-A49A-3FC9ED053BAA} = {75147A91-2F6E-43B9-AF83-AD2C9EA795FB}
		{C011E8B2-C846-4CF5-95BE-5A7EFF58B8C6} = {75147A91-2F6E-43B9-AF83-AD2C9EA795FB}
		{2334EA2D-BCD8-49CB-97A8-9511931DF16F} = {75147A91-2F6E-43B9-AF83-AD2C9EA795FB}
		{0E9B4B82-4D29-499D-8B9D-B7FA3D1DDFC8} = {75147A91-2F6E-43B9-AF83-AD2C9EA795FB}
		{1CC389C9-D98A-42E8-A1E3-785DF5764217} = {75147A91-2F6E-43B9-AF83-AD2C9EA795FB}
		{2832F3F5-842A-4F01-9253-F5D224A56531} = {75147A91-2F6E-43B9-AF83-AD2C9EA795FB}
		{32E7ECE7-E681-446E-92E3-D595E709A427} = {69E91280-C034-42FE-9C0D-A554A9281323}
		{278068E0-BB17-4C84-A35E-FAF1E647B1B0} = {69E91280-C034-42FE-9C0D-A554A9281323}
		{F496DF6C-0388-4093-9251-A6C8FA5EA023} = {1D38705A-2FAD-4A3F-98B1-2A464695F70C}
	EndGlobalSection
EndGlobal
